// !$*UTF8*$!
{
	archiveVersion = 1;
	classes = {
	};
	objectVersion = 55;
	objects = {

/* Begin PBXBuildFile section */
		DE355F6E28244EBD00D55790 /* Loader.storyboard in Resources */ = {isa = PBXBuildFile; fileRef = DE355F6D28244EBD00D55790 /* Loader.storyboard */; };
		DE355F7128244F4B00D55790 /* LoaderViewController.swift in Sources */ = {isa = PBXBuildFile; fileRef = DE355F7028244F4B00D55790 /* LoaderViewController.swift */; };
		DE355F73282450AA00D55790 /* LoaderRouter.swift in Sources */ = {isa = PBXBuildFile; fileRef = DE355F72282450AA00D55790 /* LoaderRouter.swift */; };
		DE5627A528234FC700AD4768 /* AppDelegate.swift in Sources */ = {isa = PBXBuildFile; fileRef = DE5627A428234FC700AD4768 /* AppDelegate.swift */; };
		DE5627A728234FC700AD4768 /* SceneDelegate.swift in Sources */ = {isa = PBXBuildFile; fileRef = DE5627A628234FC700AD4768 /* SceneDelegate.swift */; };
		DE5627AC28234FC700AD4768 /* Main.storyboard in Resources */ = {isa = PBXBuildFile; fileRef = DE5627AA28234FC700AD4768 /* Main.storyboard */; };
		DE5627AE28234FCA00AD4768 /* Assets.xcassets in Resources */ = {isa = PBXBuildFile; fileRef = DE5627AD28234FCA00AD4768 /* Assets.xcassets */; };
		DE5627B128234FCA00AD4768 /* LaunchScreen.storyboard in Resources */ = {isa = PBXBuildFile; fileRef = DE5627AF28234FCA00AD4768 /* LaunchScreen.storyboard */; };
		DE5627C22823520900AD4768 /* HomeViewController.swift in Sources */ = {isa = PBXBuildFile; fileRef = DE5627C12823520900AD4768 /* HomeViewController.swift */; };
		DE5627C42823528C00AD4768 /* HomeContract.swift in Sources */ = {isa = PBXBuildFile; fileRef = DE5627C32823528C00AD4768 /* HomeContract.swift */; };
		DE5627C6282353B600AD4768 /* HomePresenter.swift in Sources */ = {isa = PBXBuildFile; fileRef = DE5627C5282353B600AD4768 /* HomePresenter.swift */; };
		DE5627C8282353F600AD4768 /* HomeInteractor.swift in Sources */ = {isa = PBXBuildFile; fileRef = DE5627C7282353F600AD4768 /* HomeInteractor.swift */; };
		DE5627CA2823542000AD4768 /* HomeRouter.swift in Sources */ = {isa = PBXBuildFile; fileRef = DE5627C92823542000AD4768 /* HomeRouter.swift */; };
		DE5627CC282355D000AD4768 /* HomeEntity.swift in Sources */ = {isa = PBXBuildFile; fileRef = DE5627CB282355D000AD4768 /* HomeEntity.swift */; };
		DE5627CE2823577800AD4768 /* RequestHelper.swift in Sources */ = {isa = PBXBuildFile; fileRef = DE5627CD2823577800AD4768 /* RequestHelper.swift */; };
		DE5627D02823582300AD4768 /* ApiRequests.swift in Sources */ = {isa = PBXBuildFile; fileRef = DE5627CF2823582300AD4768 /* ApiRequests.swift */; };
		DE5627D3282373E400AD4768 /* CustomHomeViewCell.swift in Sources */ = {isa = PBXBuildFile; fileRef = DE5627D1282373E400AD4768 /* CustomHomeViewCell.swift */; };
		DE5627D4282373E400AD4768 /* CustomHomeViewCell.xib in Resources */ = {isa = PBXBuildFile; fileRef = DE5627D2282373E400AD4768 /* CustomHomeViewCell.xib */; };
		DE5627D72823782000AD4768 /* ImageExtensions.swift in Sources */ = {isa = PBXBuildFile; fileRef = DE5627D62823782000AD4768 /* ImageExtensions.swift */; };
/* End PBXBuildFile section */

/* Begin PBXFileReference section */
		DE355F6D28244EBD00D55790 /* Loader.storyboard */ = {isa = PBXFileReference; lastKnownFileType = file.storyboard; path = Loader.storyboard; sourceTree = "<group>"; };
		DE355F7028244F4B00D55790 /* LoaderViewController.swift */ = {isa = PBXFileReference; lastKnownFileType = sourcecode.swift; path = LoaderViewController.swift; sourceTree = "<group>"; };
		DE355F72282450AA00D55790 /* LoaderRouter.swift */ = {isa = PBXFileReference; lastKnownFileType = sourcecode.swift; path = LoaderRouter.swift; sourceTree = "<group>"; };
		DE5627A128234FC700AD4768 /* upax exam.app */ = {isa = PBXFileReference; explicitFileType = wrapper.application; includeInIndex = 0; path = "upax exam.app"; sourceTree = BUILT_PRODUCTS_DIR; };
		DE5627A428234FC700AD4768 /* AppDelegate.swift */ = {isa = PBXFileReference; lastKnownFileType = sourcecode.swift; path = AppDelegate.swift; sourceTree = "<group>"; };
		DE5627A628234FC700AD4768 /* SceneDelegate.swift */ = {isa = PBXFileReference; lastKnownFileType = sourcecode.swift; path = SceneDelegate.swift; sourceTree = "<group>"; };
		DE5627AB28234FC700AD4768 /* Base */ = {isa = PBXFileReference; lastKnownFileType = file.storyboard; name = Base; path = Base.lproj/Main.storyboard; sourceTree = "<group>"; };
		DE5627AD28234FCA00AD4768 /* Assets.xcassets */ = {isa = PBXFileReference; lastKnownFileType = folder.assetcatalog; path = Assets.xcassets; sourceTree = "<group>"; };
		DE5627B028234FCA00AD4768 /* Base */ = {isa = PBXFileReference; lastKnownFileType = file.storyboard; name = Base; path = Base.lproj/LaunchScreen.storyboard; sourceTree = "<group>"; };
		DE5627B228234FCA00AD4768 /* Info.plist */ = {isa = PBXFileReference; lastKnownFileType = text.plist.xml; path = Info.plist; sourceTree = "<group>"; };
		DE5627C12823520900AD4768 /* HomeViewController.swift */ = {isa = PBXFileReference; lastKnownFileType = sourcecode.swift; path = HomeViewController.swift; sourceTree = "<group>"; };
		DE5627C32823528C00AD4768 /* HomeContract.swift */ = {isa = PBXFileReference; lastKnownFileType = sourcecode.swift; path = HomeContract.swift; sourceTree = "<group>"; };
		DE5627C5282353B600AD4768 /* HomePresenter.swift */ = {isa = PBXFileReference; lastKnownFileType = sourcecode.swift; path = HomePresenter.swift; sourceTree = "<group>"; };
		DE5627C7282353F600AD4768 /* HomeInteractor.swift */ = {isa = PBXFileReference; lastKnownFileType = sourcecode.swift; path = HomeInteractor.swift; sourceTree = "<group>"; };
		DE5627C92823542000AD4768 /* HomeRouter.swift */ = {isa = PBXFileReference; lastKnownFileType = sourcecode.swift; path = HomeRouter.swift; sourceTree = "<group>"; };
		DE5627CB282355D000AD4768 /* HomeEntity.swift */ = {isa = PBXFileReference; lastKnownFileType = sourcecode.swift; path = HomeEntity.swift; sourceTree = "<group>"; };
		DE5627CD2823577800AD4768 /* RequestHelper.swift */ = {isa = PBXFileReference; lastKnownFileType = sourcecode.swift; path = RequestHelper.swift; sourceTree = "<group>"; };
		DE5627CF2823582300AD4768 /* ApiRequests.swift */ = {isa = PBXFileReference; lastKnownFileType = sourcecode.swift; path = ApiRequests.swift; sourceTree = "<group>"; };
		DE5627D1282373E400AD4768 /* CustomHomeViewCell.swift */ = {isa = PBXFileReference; lastKnownFileType = sourcecode.swift; path = CustomHomeViewCell.swift; sourceTree = "<group>"; };
		DE5627D2282373E400AD4768 /* CustomHomeViewCell.xib */ = {isa = PBXFileReference; lastKnownFileType = file.xib; path = CustomHomeViewCell.xib; sourceTree = "<group>"; };
		DE5627D62823782000AD4768 /* ImageExtensions.swift */ = {isa = PBXFileReference; lastKnownFileType = sourcecode.swift; path = ImageExtensions.swift; sourceTree = "<group>"; };
/* End PBXFileReference section */

/* Begin PBXFrameworksBuildPhase section */
		DE56279E28234FC700AD4768 /* Frameworks */ = {
			isa = PBXFrameworksBuildPhase;
			buildActionMask = 2147483647;
			files = (
			);
			runOnlyForDeploymentPostprocessing = 0;
		};
/* End PBXFrameworksBuildPhase section */

/* Begin PBXGroup section */
		DE355F6C28244EAE00D55790 /* loader */ = {
			isa = PBXGroup;
			children = (
				DE355F6D28244EBD00D55790 /* Loader.storyboard */,
			);
			path = loader;
			sourceTree = "<group>";
		};
		DE355F6F28244F3000D55790 /* loader */ = {
			isa = PBXGroup;
			children = (
				DE355F7028244F4B00D55790 /* LoaderViewController.swift */,
				DE355F72282450AA00D55790 /* LoaderRouter.swift */,
			);
			path = loader;
			sourceTree = "<group>";
		};
		DE56279828234FC700AD4768 = {
			isa = PBXGroup;
			children = (
				DE5627A328234FC700AD4768 /* upax exam */,
				DE5627A228234FC700AD4768 /* Products */,
			);
			sourceTree = "<group>";
		};
		DE5627A228234FC700AD4768 /* Products */ = {
			isa = PBXGroup;
			children = (
				DE5627A128234FC700AD4768 /* upax exam.app */,
			);
			name = Products;
			sourceTree = "<group>";
		};
		DE5627A328234FC700AD4768 /* upax exam */ = {
			isa = PBXGroup;
			children = (
				DE5627BC2823510900AD4768 /* extensions */,
				DE5627BA282350EA00AD4768 /* application */,
				DE5627B9282350E100AD4768 /* ui */,
				DE5627B8282350B500AD4768 /* domain */,
				DE5627AD28234FCA00AD4768 /* Assets.xcassets */,
				DE5627B228234FCA00AD4768 /* Info.plist */,
			);
			path = "upax exam";
			sourceTree = "<group>";
		};
		DE5627B8282350B500AD4768 /* domain */ = {
			isa = PBXGroup;
			children = (
				DE5627BF2823513800AD4768 /* api */,
				DE5627BE2823513000AD4768 /* entities */,
				DE5627BD2823512200AD4768 /* views */,
			);
			path = domain;
			sourceTree = "<group>";
		};
		DE5627B9282350E100AD4768 /* ui */ = {
			isa = PBXGroup;
			children = (
				DE355F6C28244EAE00D55790 /* loader */,
				DE5627D5282373E900AD4768 /* cells */,
				DE5627AF28234FCA00AD4768 /* LaunchScreen.storyboard */,
				DE5627AA28234FC700AD4768 /* Main.storyboard */,
			);
			path = ui;
			sourceTree = "<group>";
		};
		DE5627BA282350EA00AD4768 /* application */ = {
			isa = PBXGroup;
			children = (
				DE5627A428234FC700AD4768 /* AppDelegate.swift */,
				DE5627A628234FC700AD4768 /* SceneDelegate.swift */,
			);
			path = application;
			sourceTree = "<group>";
		};
		DE5627BC2823510900AD4768 /* extensions */ = {
			isa = PBXGroup;
			children = (
				DE5627D62823782000AD4768 /* ImageExtensions.swift */,
			);
			path = extensions;
			sourceTree = "<group>";
		};
		DE5627BD2823512200AD4768 /* views */ = {
			isa = PBXGroup;
			children = (
				DE355F6F28244F3000D55790 /* loader */,
				DE5627C02823516500AD4768 /* home */,
			);
			path = views;
			sourceTree = "<group>";
		};
		DE5627BE2823513000AD4768 /* entities */ = {
			isa = PBXGroup;
			children = (
				DE5627CB282355D000AD4768 /* HomeEntity.swift */,
			);
			path = entities;
			sourceTree = "<group>";
		};
		DE5627BF2823513800AD4768 /* api */ = {
			isa = PBXGroup;
			children = (
				DE5627CD2823577800AD4768 /* RequestHelper.swift */,
				DE5627CF2823582300AD4768 /* ApiRequests.swift */,
			);
			path = api;
			sourceTree = "<group>";
		};
		DE5627C02823516500AD4768 /* home */ = {
			isa = PBXGroup;
			children = (
				DE5627C12823520900AD4768 /* HomeViewController.swift */,
				DE5627C32823528C00AD4768 /* HomeContract.swift */,
				DE5627C5282353B600AD4768 /* HomePresenter.swift */,
				DE5627C7282353F600AD4768 /* HomeInteractor.swift */,
				DE5627C92823542000AD4768 /* HomeRouter.swift */,
				DE5627D1282373E400AD4768 /* CustomHomeViewCell.swift */,
			);
			path = home;
			sourceTree = "<group>";
		};
		DE5627D5282373E900AD4768 /* cells */ = {
			isa = PBXGroup;
			children = (
				DE5627D2282373E400AD4768 /* CustomHomeViewCell.xib */,
			);
			path = cells;
			sourceTree = "<group>";
		};
/* End PBXGroup section */

/* Begin PBXNativeTarget section */
		DE5627A028234FC700AD4768 /* upax exam */ = {
			isa = PBXNativeTarget;
			buildConfigurationList = DE5627B528234FCA00AD4768 /* Build configuration list for PBXNativeTarget "upax exam" */;
			buildPhases = (
				DE56279D28234FC700AD4768 /* Sources */,
				DE56279E28234FC700AD4768 /* Frameworks */,
				DE56279F28234FC700AD4768 /* Resources */,
			);
			buildRules = (
			);
			dependencies = (
			);
			name = "upax exam";
			productName = "upax exam";
			productReference = DE5627A128234FC700AD4768 /* upax exam.app */;
			productType = "com.apple.product-type.application";
		};
/* End PBXNativeTarget section */

/* Begin PBXProject section */
		DE56279928234FC700AD4768 /* Project object */ = {
			isa = PBXProject;
			attributes = {
				BuildIndependentTargetsInParallel = 1;
				LastSwiftUpdateCheck = 1330;
				LastUpgradeCheck = 1330;
				TargetAttributes = {
					DE5627A028234FC700AD4768 = {
						CreatedOnToolsVersion = 13.3;
					};
				};
			};
			buildConfigurationList = DE56279C28234FC700AD4768 /* Build configuration list for PBXProject "upax exam" */;
			compatibilityVersion = "Xcode 13.0";
			developmentRegion = en;
			hasScannedForEncodings = 0;
			knownRegions = (
				en,
				Base,
			);
			mainGroup = DE56279828234FC700AD4768;
			productRefGroup = DE5627A228234FC700AD4768 /* Products */;
			projectDirPath = "";
			projectRoot = "";
			targets = (
				DE5627A028234FC700AD4768 /* upax exam */,
			);
		};
/* End PBXProject section */

/* Begin PBXResourcesBuildPhase section */
		DE56279F28234FC700AD4768 /* Resources */ = {
			isa = PBXResourcesBuildPhase;
			buildActionMask = 2147483647;
			files = (
				DE5627B128234FCA00AD4768 /* LaunchScreen.storyboard in Resources */,
				DE5627AE28234FCA00AD4768 /* Assets.xcassets in Resources */,
				DE5627D4282373E400AD4768 /* CustomHomeViewCell.xib in Resources */,
				DE355F6E28244EBD00D55790 /* Loader.storyboard in Resources */,
				DE5627AC28234FC700AD4768 /* Main.storyboard in Resources */,
			);
			runOnlyForDeploymentPostprocessing = 0;
		};
/* End PBXResourcesBuildPhase section */

/* Begin PBXSourcesBuildPhase section */
		DE56279D28234FC700AD4768 /* Sources */ = {
			isa = PBXSourcesBuildPhase;
			buildActionMask = 2147483647;
			files = (
				DE5627C42823528C00AD4768 /* HomeContract.swift in Sources */,
				DE5627CC282355D000AD4768 /* HomeEntity.swift in Sources */,
				DE5627D02823582300AD4768 /* ApiRequests.swift in Sources */,
				DE5627D72823782000AD4768 /* ImageExtensions.swift in Sources */,
				DE5627A528234FC700AD4768 /* AppDelegate.swift in Sources */,
				DE355F7128244F4B00D55790 /* LoaderViewController.swift in Sources */,
				DE5627CE2823577800AD4768 /* RequestHelper.swift in Sources */,
				DE355F73282450AA00D55790 /* LoaderRouter.swift in Sources */,
				DE5627CA2823542000AD4768 /* HomeRouter.swift in Sources */,
				DE5627A728234FC700AD4768 /* SceneDelegate.swift in Sources */,
				DE5627C8282353F600AD4768 /* HomeInteractor.swift in Sources */,
				DE5627C6282353B600AD4768 /* HomePresenter.swift in Sources */,
				DE5627D3282373E400AD4768 /* CustomHomeViewCell.swift in Sources */,
				DE5627C22823520900AD4768 /* HomeViewController.swift in Sources */,
			);
			runOnlyForDeploymentPostprocessing = 0;
		};
/* End PBXSourcesBuildPhase section */

/* Begin PBXVariantGroup section */
		DE5627AA28234FC700AD4768 /* Main.storyboard */ = {
			isa = PBXVariantGroup;
			children = (
				DE5627AB28234FC700AD4768 /* Base */,
			);
			name = Main.storyboard;
			sourceTree = "<group>";
		};
		DE5627AF28234FCA00AD4768 /* LaunchScreen.storyboard */ = {
			isa = PBXVariantGroup;
			children = (
				DE5627B028234FCA00AD4768 /* Base */,
			);
			name = LaunchScreen.storyboard;
			sourceTree = "<group>";
		};
/* End PBXVariantGroup section */

/* Begin XCBuildConfiguration section */
		DE5627B328234FCA00AD4768 /* Debug */ = {
			isa = XCBuildConfiguration;
			buildSettings = {
				ALWAYS_SEARCH_USER_PATHS = NO;
				CLANG_ANALYZER_NONNULL = YES;
				CLANG_ANALYZER_NUMBER_OBJECT_CONVERSION = YES_AGGRESSIVE;
				CLANG_CXX_LANGUAGE_STANDARD = "gnu++17";
				CLANG_ENABLE_MODULES = YES;
				CLANG_ENABLE_OBJC_ARC = YES;
				CLANG_ENABLE_OBJC_WEAK = YES;
				CLANG_WARN_BLOCK_CAPTURE_AUTORELEASING = YES;
				CLANG_WARN_BOOL_CONVERSION = YES;
				CLANG_WARN_COMMA = YES;
				CLANG_WARN_CONSTANT_CONVERSION = YES;
				CLANG_WARN_DEPRECATED_OBJC_IMPLEMENTATIONS = YES;
				CLANG_WARN_DIRECT_OBJC_ISA_USAGE = YES_ERROR;
				CLANG_WARN_DOCUMENTATION_COMMENTS = YES;
				CLANG_WARN_EMPTY_BODY = YES;
				CLANG_WARN_ENUM_CONVERSION = YES;
				CLANG_WARN_INFINITE_RECURSION = YES;
				CLANG_WARN_INT_CONVERSION = YES;
				CLANG_WARN_NON_LITERAL_NULL_CONVERSION = YES;
				CLANG_WARN_OBJC_IMPLICIT_RETAIN_SELF = YES;
				CLANG_WARN_OBJC_LITERAL_CONVERSION = YES;
				CLANG_WARN_OBJC_ROOT_CLASS = YES_ERROR;
				CLANG_WARN_QUOTED_INCLUDE_IN_FRAMEWORK_HEADER = YES;
				CLANG_WARN_RANGE_LOOP_ANALYSIS = YES;
				CLANG_WARN_STRICT_PROTOTYPES = YES;
				CLANG_WARN_SUSPICIOUS_MOVE = YES;
				CLANG_WARN_UNGUARDED_AVAILABILITY = YES_AGGRESSIVE;
				CLANG_WARN_UNREACHABLE_CODE = YES;
				CLANG_WARN__DUPLICATE_METHOD_MATCH = YES;
				COPY_PHASE_STRIP = NO;
				DEBUG_INFORMATION_FORMAT = dwarf;
				ENABLE_STRICT_OBJC_MSGSEND = YES;
				ENABLE_TESTABILITY = YES;
				GCC_C_LANGUAGE_STANDARD = gnu11;
				GCC_DYNAMIC_NO_PIC = NO;
				GCC_NO_COMMON_BLOCKS = YES;
				GCC_OPTIMIZATION_LEVEL = 0;
				GCC_PREPROCESSOR_DEFINITIONS = (
					"DEBUG=1",
					"$(inherited)",
				);
				GCC_WARN_64_TO_32_BIT_CONVERSION = YES;
				GCC_WARN_ABOUT_RETURN_TYPE = YES_ERROR;
				GCC_WARN_UNDECLARED_SELECTOR = YES;
				GCC_WARN_UNINITIALIZED_AUTOS = YES_AGGRESSIVE;
				GCC_WARN_UNUSED_FUNCTION = YES;
				GCC_WARN_UNUSED_VARIABLE = YES;
				IPHONEOS_DEPLOYMENT_TARGET = 15.4;
				MTL_ENABLE_DEBUG_INFO = INCLUDE_SOURCE;
				MTL_FAST_MATH = YES;
				ONLY_ACTIVE_ARCH = YES;
				SDKROOT = iphoneos;
				SWIFT_ACTIVE_COMPILATION_CONDITIONS = DEBUG;
				SWIFT_OPTIMIZATION_LEVEL = "-Onone";
			};
			name = Debug;
		};
		DE5627B428234FCA00AD4768 /* Release */ = {
			isa = XCBuildConfiguration;
			buildSettings = {
				ALWAYS_SEARCH_USER_PATHS = NO;
				CLANG_ANALYZER_NONNULL = YES;
				CLANG_ANALYZER_NUMBER_OBJECT_CONVERSION = YES_AGGRESSIVE;
				CLANG_CXX_LANGUAGE_STANDARD = "gnu++17";
				CLANG_ENABLE_MODULES = YES;
				CLANG_ENABLE_OBJC_ARC = YES;
				CLANG_ENABLE_OBJC_WEAK = YES;
				CLANG_WARN_BLOCK_CAPTURE_AUTORELEASING = YES;
				CLANG_WARN_BOOL_CONVERSION = YES;
				CLANG_WARN_COMMA = YES;
				CLANG_WARN_CONSTANT_CONVERSION = YES;
				CLANG_WARN_DEPRECATED_OBJC_IMPLEMENTATIONS = YES;
				CLANG_WARN_DIRECT_OBJC_ISA_USAGE = YES_ERROR;
				CLANG_WARN_DOCUMENTATION_COMMENTS = YES;
				CLANG_WARN_EMPTY_BODY = YES;
				CLANG_WARN_ENUM_CONVERSION = YES;
				CLANG_WARN_INFINITE_RECURSION = YES;
				CLANG_WARN_INT_CONVERSION = YES;
				CLANG_WARN_NON_LITERAL_NULL_CONVERSION = YES;
				CLANG_WARN_OBJC_IMPLICIT_RETAIN_SELF = YES;
				CLANG_WARN_OBJC_LITERAL_CONVERSION = YES;
				CLANG_WARN_OBJC_ROOT_CLASS = YES_ERROR;
				CLANG_WARN_QUOTED_INCLUDE_IN_FRAMEWORK_HEADER = YES;
				CLANG_WARN_RANGE_LOOP_ANALYSIS = YES;
				CLANG_WARN_STRICT_PROTOTYPES = YES;
				CLANG_WARN_SUSPICIOUS_MOVE = YES;
				CLANG_WARN_UNGUARDED_AVAILABILITY = YES_AGGRESSIVE;
				CLANG_WARN_UNREACHABLE_CODE = YES;
				CLANG_WARN__DUPLICATE_METHOD_MATCH = YES;
				COPY_PHASE_STRIP = NO;
				DEBUG_INFORMATION_FORMAT = "dwarf-with-dsym";
				ENABLE_NS_ASSERTIONS = NO;
				ENABLE_STRICT_OBJC_MSGSEND = YES;
				GCC_C_LANGUAGE_STANDARD = gnu11;
				GCC_NO_COMMON_BLOCKS = YES;
				GCC_WARN_64_TO_32_BIT_CONVERSION = YES;
				GCC_WARN_ABOUT_RETURN_TYPE = YES_ERROR;
				GCC_WARN_UNDECLARED_SELECTOR = YES;
				GCC_WARN_UNINITIALIZED_AUTOS = YES_AGGRESSIVE;
				GCC_WARN_UNUSED_FUNCTION = YES;
				GCC_WARN_UNUSED_VARIABLE = YES;
				IPHONEOS_DEPLOYMENT_TARGET = 15.4;
				MTL_ENABLE_DEBUG_INFO = NO;
				MTL_FAST_MATH = YES;
				SDKROOT = iphoneos;
				SWIFT_COMPILATION_MODE = wholemodule;
				SWIFT_OPTIMIZATION_LEVEL = "-O";
				VALIDATE_PRODUCT = YES;
			};
			name = Release;
		};
		DE5627B628234FCA00AD4768 /* Debug */ = {
			isa = XCBuildConfiguration;
			buildSettings = {
				ASSETCATALOG_COMPILER_APPICON_NAME = AppIcon;
				ASSETCATALOG_COMPILER_GLOBAL_ACCENT_COLOR_NAME = AccentColor;
				CODE_SIGN_STYLE = Automatic;
				CURRENT_PROJECT_VERSION = 1;
				DEVELOPMENT_TEAM = SV488MC72A;
				GENERATE_INFOPLIST_FILE = YES;
				INFOPLIST_FILE = "upax exam/Info.plist";
				INFOPLIST_KEY_UIApplicationSupportsIndirectInputEvents = YES;
				INFOPLIST_KEY_UILaunchStoryboardName = LaunchScreen;
				INFOPLIST_KEY_UIMainStoryboardFile = Main;
				INFOPLIST_KEY_UISupportedInterfaceOrientations_iPad = "UIInterfaceOrientationPortrait UIInterfaceOrientationPortraitUpsideDown UIInterfaceOrientationLandscapeLeft UIInterfaceOrientationLandscapeRight";
				INFOPLIST_KEY_UISupportedInterfaceOrientations_iPhone = "UIInterfaceOrientationPortrait UIInterfaceOrientationLandscapeLeft UIInterfaceOrientationLandscapeRight";
				LD_RUNPATH_SEARCH_PATHS = (
					"$(inherited)",
					"@executable_path/Frameworks",
				);
				MARKETING_VERSION = 1.0;
				PRODUCT_BUNDLE_IDENTIFIER = "upax.exam.upax-exam";
				PRODUCT_NAME = "$(TARGET_NAME)";
				SWIFT_EMIT_LOC_STRINGS = YES;
				SWIFT_VERSION = 5.0;
				TARGETED_DEVICE_FAMILY = "1,2";
			};
			name = Debug;
		};
		DE5627B728234FCA00AD4768 /* Release */ = {
			isa = XCBuildConfiguration;
			buildSettings = {
				ASSETCATALOG_COMPILER_APPICON_NAME = AppIcon;
				ASSETCATALOG_COMPILER_GLOBAL_ACCENT_COLOR_NAME = AccentColor;
				CODE_SIGN_STYLE = Automatic;
				CURRENT_PROJECT_VERSION = 1;
				DEVELOPMENT_TEAM = SV488MC72A;
				GENERATE_INFOPLIST_FILE = YES;
				INFOPLIST_FILE = "upax exam/Info.plist";
				INFOPLIST_KEY_UIApplicationSupportsIndirectInputEvents = YES;
				INFOPLIST_KEY_UILaunchStoryboardName = LaunchScreen;
				INFOPLIST_KEY_UIMainStoryboardFile = Main;
				INFOPLIST_KEY_UISupportedInterfaceOrientations_iPad = "UIInterfaceOrientationPortrait UIInterfaceOrientationPortraitUpsideDown UIInterfaceOrientationLandscapeLeft UIInterfaceOrientationLandscapeRight";
				INFOPLIST_KEY_UISupportedInterfaceOrientations_iPhone = "UIInterfaceOrientationPortrait UIInterfaceOrientationLandscapeLeft UIInterfaceOrientationLandscapeRight";
				LD_RUNPATH_SEARCH_PATHS = (
					"$(inherited)",
					"@executable_path/Frameworks",
				);
				MARKETING_VERSION = 1.0;
				PRODUCT_BUNDLE_IDENTIFIER = "upax.exam.upax-exam";
				PRODUCT_NAME = "$(TARGET_NAME)";
				SWIFT_EMIT_LOC_STRINGS = YES;
				SWIFT_VERSION = 5.0;
				TARGETED_DEVICE_FAMILY = "1,2";
			};
			name = Release;
		};
/* End XCBuildConfiguration section */

/* Begin XCConfigurationList section */
		DE56279C28234FC700AD4768 /* Build configuration list for PBXProject "upax exam" */ = {
			isa = XCConfigurationList;
			buildConfigurations = (
				DE5627B328234FCA00AD4768 /* Debug */,
				DE5627B428234FCA00AD4768 /* Release */,
			);
			defaultConfigurationIsVisible = 0;
			defaultConfigurationName = Release;
		};
		DE5627B528234FCA00AD4768 /* Build configuration list for PBXNativeTarget "upax exam" */ = {
			isa = XCConfigurationList;
			buildConfigurations = (
				DE5627B628234FCA00AD4768 /* Debug */,
				DE5627B728234FCA00AD4768 /* Release */,
			);
			defaultConfigurationIsVisible = 0;
			defaultConfigurationName = Release;
		};
/* End XCConfigurationList section */
	};
	rootObject = DE56279928234FC700AD4768 /* Project object */;
}
